version = 1
revision = 3
requires-python = ">=3.11"
resolution-markers = [
    "python_full_version >= '3.12'",
    "python_full_version < '3.12'",
]

[[package]]
name = "choreographer"
version = "1.3.0"
source = { registry = "https://pypi.org/simple" }
dependencies = [
    { name = "logistro" },
    { name = "platformdirs" },
    { name = "simplejson" },
]
sdist = { url = "https://files.pythonhosted.org/packages/17/69/3058cd4f16d6b75c80e8f95e5b713d930526353ce294df9a7887453ba215/choreographer-1.3.0.tar.gz", hash = "sha256:6c44a0e48e9b37977344d40bfa5a9ed88575fe4bc0fd836771bf702bc24d6884", size = 48291, upload-time = "2026-04-28T22:57:45.114Z" }
wheels = [
    { url = "https://files.pythonhosted.org/packages/ba/6c/ff8bf52315064dbeb55cb5067e191120a5b2e58bb648d0d34cf7969dc2c2/choreographer-1.3.0-py3-none-any.whl", hash = "sha256:cea4cb739e4f61625e4b53888a8d3fa1d3bf73948b56753e460ab44da7d8d44f", size = 52622, upload-time = "2026-04-28T22:57:44.015Z" },
]

[[package]]
name = "claimledger"
version = "1.0.0"
source = { editable = "." }

[package.dev-dependencies]
dev = [
    { name = "kaleido" },
    { name = "plotly" },
]

[package.metadata]

[package.metadata.requires-dev]
dev = [
    { name = "kaleido", specifier = ">=1.3.0" },
    { name = "plotly", specifier = ">=6.9.0" },
]

[[package]]
name = "kaleido"
version = "1.3.0"
source = { registry = "https://pypi.org/simple" }
dependencies = [
    { name = "choreographer" },
    { name = "logistro" },
    { name = "orjson" },
    { name = "packaging" },
]
sdist = { url = "https://files.pythonhosted.org/packages/e0/64/53eac73d31dbfc3310ee2e87bcac1ae7417427f0fbe3dd800eaf676db324/kaleido-1.3.0.tar.gz", hash = "sha256:5e0378a7475e98852773deeb6483dee91f8aa7b364dde7b5f2b3622cb468a3e6", size = 68938, upload-time = "2026-05-04T19:45:28.932Z" }
wheels = [
    { url = "https://files.pythonhosted.org/packages/9e/b9/a6d8bb7d228940f01885bd9f327ab7f9d366a9be775c4bf366bf9d9477ae/kaleido-1.3.0-py3-none-any.whl", hash = "sha256:52714dfd38e8f2a114831826200c40bb10d0ca0c11d4272f3f48ad499cd8f8ea", size = 55580, upload-time = "2026-05-04T19:45:27.483Z" },
]

[[package]]
name = "logistro"
version = "2.0.1"
source = { registry = "https://pypi.org/simple" }
sdist = { url = "https://files.pythonhosted.org/packages/08/90/bfd7a6fab22bdfafe48ed3c4831713cb77b4779d18ade5e248d5dbc0ca22/logistro-2.0.1.tar.gz", hash = "sha256:8446affc82bab2577eb02bfcbcae196ae03129287557287b6a070f70c1985047", size = 8398, upload-time = "2025-11-01T02:41:18.81Z" }
wheels = [
    { url = "https://files.pythonhosted.org/packages/54/20/6aa79ba3570bddd1bf7e951c6123f806751e58e8cce736bad77b2cf348d7/logistro-2.0.1-py3-none-any.whl", hash = "sha256:06ffa127b9fb4ac8b1972ae6b2a9d7fde57598bf5939cd708f43ec5bba2d31eb", size = 8555, upload-time = "2025-11-01T02:41:17.587Z" },
]

[[package]]
name = "narwhals"
version = "2.24.0"
source = { registry = "https://pypi.org/simple" }
sdist = { url = "https://files.pythonhosted.org/packages/2b/1d/58946e5aab18393e793bd4add6985b95d0e01c3a2d832f38f54468b10dcd/narwhals-2.24.0.tar.gz", hash = "sha256:b5c0f684ccd9d7475b564111e319a4964abcf2baf79d3cf6b1003d06ac9b828d", size = 661143, upload-time = "2026-07-13T10:49:19.086Z" }
wheels = [
    { url = "https://files.pythonhosted.org/packages/7e/85/a5bfaebfd305ac18b57b0854d74e37e586809061a91fda62f0bd50c8518e/narwhals-2.24.0-py3-none-any.whl", hash = "sha256:42fdedf44e5b2ca7505630d45b4ac3058f38d8485cba9fe1652ca23152df7489", size = 461030, upload-time = "2026-07-13T10:49:17.571Z" },
]

[[package]]
name = "orjson"
version = "3.12.0"
source = { registry = "https://pypi.org/simple" }
sdist = { url = "https://files.pythonhosted.org/packages/0f/f3/742fb1f62b825f2c010697eaf4e828004bc2a81e7e806666989c132c7c42/orjson-3.12.0.tar.gz", hash = "sha256:d14203fb1aae2ad9b3d52f8a0e82aeb10197ef1c9bc61da7f358bd70b00123d5", size = 4142915, upload-time = "2026-08-14T16:13:30.607Z" }
wheels = [
    { url = "https://files.pythonhosted.org/packages/75/1a/a7075a8e8b0d3f5097d17ac3099017104b6b7b42012041147995d5b2da05/orjson-3.12.0-cp311-cp311-macosx_10_15_x86_64.macosx_11_0_arm64.macosx_10_15_universal2.whl", hash = "sha256:a94f0f0c6fcbb2b5bd9734c57a489c7584a732bbdf04a39e8c83b861e9d03e92", size = 223409, upload-time = "2026-08-14T16:12:12.654Z" },
    { url = "https://files.pythonhosted.org/packages/05/34/c2eb3b2900e5597db7841a4c6416ac2d90081bd956b02d4dd1833fa2b96b/orjson-3.12.0-cp311-cp311-macosx_15_0_arm64.whl", hash = "sha256:a696529ec96a90d9a5f9570207efe403c8b08f8e4aa2783ee3403511e2fdfa10", size = 124015, upload-time = "2026-08-14T16:12:14.025Z" },
    { url = "https://files.pythonhosted.org/packages/1c/df/b49081766a75b6a37b3d33bdc0a39e492abab8441dd25e3e1998e7b83fcb/orjson-3.12.0-cp311-cp311-manylinux2014_armv7l.manylinux_2_17_armv7l.whl", hash = "sha256:e4ac5059baab4b3acbd99485de019ff8cda0fdf34b61fa74f7197a53db78bfe8", size = 113471, upload-time = "2026-08-14T16:12:15.81Z" },
    { url = "https://files.pythonhosted.org/packages/48/d4/58ea28eeef95c2a27358ed927380a621162cf20bd740bbccf9c3f09a200a/orjson-3.12.0-cp311-cp311-manylinux2014_i686.manylinux_2_17_i686.whl", hash = "sha256:8e29957429c35bbb5a185a119c523aa2428b7bbf1a293724c7b9375ed8f892a3", size = 129998, upload-time = "2026-08-14T16:12:17.503Z" },
    { url = "https://files.pythonhosted.org/packages/e2/f4/1e82aa2efc9916422d804697876ce433c907a1abd7c7e5c6d3d48565e5f9/orjson-3.12.0-cp311-cp311-manylinux_2_17_aarch64.manylinux2014_aarch64.whl", hash = "sha256:dce0166feb0a737ab84f598c9a338cbc0b764a036617aa686194f53c7eba0c3e", size = 130891, upload-time = "2026-08-14T16:12:18.762Z" },
    { url = "https://files.pythonhosted.org/packages/5b/e1/15169e9d22b59a406264f99d6db387c0b0b12b6357a8a0169917c2a713eb/orjson-3.12.0-cp311-cp311-manylinux_2_17_x86_64.manylinux2014_x86_64.whl", hash = "sha256:9caf3d09f47c3c70c4451ada20ef9bc4a4cdffa26f49862cf0a253b329aae2d5", size = 131285, upload-time = "2026-08-14T16:12:20.251Z" },
    { url = "https://files.pythonhosted.org/packages/a4/3a/763dbd426290d044ec3e615a05e70adb6d8b6f95bf17dc355c0081a5e8b6/orjson-3.12.0-cp311-cp311-musllinux_1_2_aarch64.whl", hash = "sha256:b9dca132b1fda5565088e65a6b6e742285e0aeceb6fae549fa8863e16c7d3998", size = 135707, upload-time = "2026-08-14T16:12:21.652Z" },
    { url = "https://files.pythonhosted.org/packages/04/d1/3b2038ed168d22e14182ed715d6963f9c073a83a2ba43cfe918a4fc43c64/orjson-3.12.0-cp311-cp311-musllinux_1_2_x86_64.whl", hash = "sha256:a791f793b287bbc135b8e87c34e35c8bfc693e2a8a620fab1ae682b925f9a32e", size = 127669, upload-time = "2026-08-14T16:12:22.926Z" },
    { url = "https://files.pythonhosted.org/packages/88/ae/b84b3d3e65f5629ada0edcb1d2bccc55d7c5f89d8b981537ecdc3d6f31ec/orjson-3.12.0-cp311-cp311-win32.whl", hash = "sha256:31ed278a36304390adc3eec5d7f6fd593a7c3e99e5a06cd07866396c4b1b4710", size = 128043, upload-time = "2026-08-14T16:12:24.367Z" },
    { url = "https://files.pythonhosted.org/packages/35/24/2ed0e6f51ea3d0af45d807233a851175af75bec83ef5fd0d6a2601904ec0/orjson-3.12.0-cp311-cp311-win_amd64.whl", hash = "sha256:fb2539159dfe8d371914f354360fa50e4a577cc89222a3828b9650a5e5040252", size = 122084, upload-time = "2026-08-14T16:12:25.813Z" },
    { url = "https://files.pythonhosted.org/packages/21/dd/95d25fcfbc9471799ef6bb01c552d64ee5cde93ee40ba2f423dd3442c708/orjson-3.12.0-cp311-cp311-win_arm64.whl", hash = "sha256:61318b6de893c7a9d9f3e5ecbadccbfc26a7eb417ccc7bbf0771de3b4d72f868", size = 127035, upload-time = "2026-08-14T16:12:27.201Z" },
    { url = "https://files.pythonhosted.org/packages/be/4a/295da39c651c2faac8bd351a2a346f0fdedd9d50b847ee9dfc27d2207ef6/orjson-3.12.0-cp312-cp312-macosx_10_15_x86_64.macosx_11_0_arm64.macosx_10_15_universal2.whl", hash = "sha256:aa3e43a6846e91d7bde3d5a9c66090fcd8744f569a9b6cffc5e1ca38f6a461c0", size = 223427, upload-time = "2026-08-14T16:12:28.525Z" },
    { url = "https://files.pythonhosted.org/packages/29/98/758cf90fbeaaafb7f8141bfac75a432099959f3a2f5db93a412e876415d8/orjson-3.12.0-cp312-cp312-macosx_15_0_arm64.whl", hash = "sha256:11edb4660a6680abee9788a3a9072208a2c96538cc1322bd79542065229d8e54", size = 123725, upload-time = "2026-08-14T16:12:30.013Z" },
    { url = "https://files.pythonhosted.org/packages/32/b5/5b934d251f8651f7e41df180ad0c57a6e1cabe15c7bd331638413a50ebc9/orjson-3.12.0-cp312-cp312-manylinux2014_armv7l.manylinux_2_17_armv7l.whl", hash = "sha256:2d3a9da945a4d96ae758fdaaca56742e6b73b6fd554c5d8876f252a6dad70b83", size = 113375, upload-time = "2026-08-14T16:12:31.209Z" },
    { url = "https://files.pythonhosted.org/packages/cd/d2/37efb5b12a176ce3ced29f4144f20da57d02757f78ce549637dc1b4e1fc8/orjson-3.12.0-cp312-cp312-manylinux2014_i686.manylinux_2_17_i686.whl", hash = "sha256:92ffc09e07233a6ab6d4e067f7841edcbcc134cb4812155cf171ea5255a421d7", size = 129983, upload-time = "2026-08-14T16:12:32.721Z" },
    { url = "https://files.pythonhosted.org/packages/50/22/0644b87c73f13e0092df8f35a1fe280d991e5e90072087411e0dd7e44e0c/orjson-3.12.0-cp312-cp312-manylinux_2_17_aarch64.manylinux2014_aarch64.whl", hash = "sha256:bf44e374aadde77b1f6109f1030be51433eb61984379852766b6f4e187db7b1e", size = 130629, upload-time = "2026-08-14T16:12:34.084Z" },
    { url = "https://files.pythonhosted.org/packages/8c/57/80b986ebfecd9c6a177ddf1c2319717f0cd8feffb2b78946595a18a2fc88/orjson-3.12.0-cp312-cp312-manylinux_2_17_x86_64.manylinux2014_x86_64.whl", hash = "sha256:1192a7021b6d071aaf909864f6e924d6a2675ca360485b972b8401749311750b", size = 131245, upload-time = "2026-08-14T16:12:35.713Z" },
    { url = "https://files.pythonhosted.org/packages/80/3d/75c5ac5a69161f44492a68fbdde66f4cc4ce48cd5e1fb05918e46f0c8848/orjson-3.12.0-cp312-cp312-musllinux_1_2_aarch64.whl", hash = "sha256:53c0c474a9d9aff9aebfc0c88de1f28f843d940e6e3a80729abdf6a20274356f", size = 135397, upload-time = "2026-08-14T16:12:37.128Z" },
    { url = "https://files.pythonhosted.org/packages/71/93/4d71f2df314a97ff0d27a4559bf5888fc8406e3c6dec90e92291e3511215/orjson-3.12.0-cp312-cp312-musllinux_1_2_x86_64.whl", hash = "sha256:532ff8cd4bd59a327a953a7dcde922c7fc25b85e29721bb8633265430d3a3873", size = 127693, upload-time = "2026-08-14T16:12:38.627Z" },
    { url = "https://files.pythonhosted.org/packages/bc/1d/0dbc6be5adfd1730491072fb60beb6bcdf5d7b2596ee41b7fc2e298bfc09/orjson-3.12.0-cp312-cp312-win32.whl", hash = "sha256:a6cf4b18e7de173f209f2084ffbd736dd72389a396326ee80a7022168be232e5", size = 128000, upload-time = "2026-08-14T16:12:39.954Z" },
    { url = "https://files.pythonhosted.org/packages/2d/c9/97b1ce0112ebf5e949c775ed5b1755e562233179f3584579673cc24d6378/orjson-3.12.0-cp312-cp312-win_amd64.whl", hash = "sha256:010811c1b69773450a01cef97727a67b223242f350b77d4ca000e59a9ef2155a", size = 122106, upload-time = "2026-08-14T16:12:41.324Z" },
    { url = "https://files.pythonhosted.org/packages/a8/6a/facd8b312e4a0d3a7fa978c7e15821f74a336adf1d65529faec33b48e18b/orjson-3.12.0-cp312-cp312-win_arm64.whl", hash = "sha256:ad29eece0c601737f2a60edc2752a84e7a0785df3efb62e3012834700a5afe0d", size = 126869, upload-time = "2026-08-14T16:12:42.651Z" },
    { url = "https://files.pythonhosted.org/packages/54/cb/d7b78218a987eb8a8ce4eeae0286b1bb679333eb631ea0eeaf6371680bfc/orjson-3.12.0-cp313-cp313-macosx_10_15_x86_64.macosx_11_0_arm64.macosx_10_15_universal2.whl", hash = "sha256:9a36ec60f1796f9a3f13e3b98390295e17a1c7c10155b448d264098bf9ee5900", size = 223397, upload-time = "2026-08-14T16:12:44.003Z" },
    { url = "https://files.pythonhosted.org/packages/f8/4a/bc87c45e7ec639d35ebefd62618e01939531ac8e171426606a01bda05914/orjson-3.12.0-cp313-cp313-macosx_15_0_arm64.whl", hash = "sha256:ad0422b92d5195443a39f80c3bcf731cc2e00f153bd32063a47b73b057bd0f03", size = 123662, upload-time = "2026-08-14T16:12:45.433Z" },
    { url = "https://files.pythonhosted.org/packages/94/ee/c9a4ff3f2dbedbbe9e635d0fa72c8866adede09b6335ef9644f53752f0d8/orjson-3.12.0-cp313-cp313-manylinux2014_armv7l.manylinux_2_17_armv7l.whl", hash = "sha256:5a0fdbc216388f653d3752ff310e710f59253bd4ed6a2bfb3f4f06b84714bbd8", size = 113374, upload-time = "2026-08-14T16:12:46.755Z" },
    { url = "https://files.pythonhosted.org/packages/75/09/3f330a026a796c8b4c97a6f429652a5e912e7065039bf96ed25e42aa7b25/orjson-3.12.0-cp313-cp313-manylinux2014_i686.manylinux_2_17_i686.whl", hash = "sha256:2eb5c56e534127b2b8fa38d2363c8b1b8190367ee0d1d16c041517d880843b94", size = 130029, upload-time = "2026-08-14T16:12:48.06Z" },
    { url = "https://files.pythonhosted.org/packages/7d/40/094cc53126a3d22f76cdf83b6ea67338bed01d774037621a785aa8e6e5ea/orjson-3.12.0-cp313-cp313-manylinux_2_17_aarch64.manylinux2014_aarch64.whl", hash = "sha256:784106539f4b9d4b930e0b4eb8d45168507dae001945e71b4675a367f1e5e806", size = 130528, upload-time = "2026-08-14T16:12:49.362Z" },
    { url = "https://files.pythonhosted.org/packages/bc/74/89bb236deb9565f99434b13052bb40ddfcce4adf3afbfa3132ee7e421468/orjson-3.12.0-cp313-cp313-manylinux_2_17_x86_64.manylinux2014_x86_64.whl", hash = "sha256:1c680706fc8396d95e7c4c1f9482563f552137aef91b57237a3ad5aaf64629df", size = 131075, upload-time = "2026-08-14T16:12:50.692Z" },
    { url = "https://files.pythonhosted.org/packages/0c/ac/1176360d762c01b5bd34acd56fc098e936c491363d8b6b397ad4aa475547/orjson-3.12.0-cp313-cp313-musllinux_1_2_aarch64.whl", hash = "sha256:83445adc40cba26d6d621185a45128ce455b766af368cad2ab64b970603a7978", size = 135321, upload-time = "2026-08-14T16:12:52.114Z" },
    { url = "https://files.pythonhosted.org/packages/7a/02/bbd881c8b9276d50b998de38b4e97de8ace1aac940b0ee545aedbf65ed00/orjson-3.12.0-cp313-cp313-musllinux_1_2_x86_64.whl", hash = "sha256:644d005bc82f917337a95ce270c9f6f92f9834c2bed7b1477572f8db00784222", size = 127472, upload-time = "2026-08-14T16:12:53.517Z" },
    { url = "https://files.pythonhosted.org/packages/8e/02/a0934d7503e6dcbedd6afac3e7f3f8597fd09389949ad94d0f7540e9dbca/orjson-3.12.0-cp313-cp313-win32.whl", hash = "sha256:d8e78d3d93705e3d27cc17cdb209e44d7a8ea203010cac6ce9c7ffc1ae1996f1", size = 128000, upload-time = "2026-08-14T16:12:55.14Z" },
    { url = "https://files.pythonhosted.org/packages/52/87/69f98f8d40faff103a965a5fbb83f08241b01beaf92badb5413fbc9358cc/orjson-3.12.0-cp313-cp313-win_amd64.whl", hash = "sha256:b85931be5b6763c31283805c9bdaae1ca03ad9f6f12a15f1cbf6745b907932c2", size = 121841, upload-time = "2026-08-14T16:12:56.507Z" },
    { url = "https://files.pythonhosted.org/packages/e6/07/b83046a4e3cadcc0987d0f160696107c4af706a619b56e4ad01940cadadf/orjson-3.12.0-cp313-cp313-win_arm64.whl", hash = "sha256:6a31348d7dfa64cd9c78bd1f510ff44c48fe64d71094e6b90e364dba3b55949e", size = 126765, upload-time = "2026-08-14T16:12:57.806Z" },
    { url = "https://files.pythonhosted.org/packages/12/9d/3931253e6f3148abf2cbe14830367042a4806b362ea520df2303db188fb9/orjson-3.12.0-cp314-cp314-macosx_10_15_x86_64.macosx_11_0_arm64.macosx_10_15_universal2.whl", hash = "sha256:9e6fee342a48760e854d743e7a81534d8e2925a6f46e09f750cf56b50fd1de5d", size = 223391, upload-time = "2026-08-14T16:12:59.184Z" },
    { url = "https://files.pythonhosted.org/packages/8a/0e/b4a4f1e305367245877b967a0bad70fcf001d77c54ac4339a120b66fdae4/orjson-3.12.0-cp314-cp314-macosx_15_0_arm64.whl", hash = "sha256:8c3bb86dd10f39b3fbf434b7d5dc7cac77d6fc8ac572ae30a10731ede2c4b647", size = 123659, upload-time = "2026-08-14T16:13:00.548Z" },
    { url = "https://files.pythonhosted.org/packages/96/f3/6782c6fa85e2702bc66be183c3b421486167dcf266ee4dc1403fe3824870/orjson-3.12.0-cp314-cp314-manylinux2014_armv7l.manylinux_2_17_armv7l.whl", hash = "sha256:2bb3ce43203936072dd8b4917b01d3aecfc02329bfb42510cb7cfb24708adc9c", size = 113337, upload-time = "2026-08-14T16:13:02.009Z" },
    { url = "https://files.pythonhosted.org/packages/bf/79/b32ab64bacda9d0fa4942ef483bd03cabf0eaf2be819ca9fb7ff610c559d/orjson-3.12.0-cp314-cp314-manylinux2014_i686.manylinux_2_17_i686.whl", hash = "sha256:6a2a79c89984dc719817d388c8709e0efc2a2795a934eaa746b4882eb6045adc", size = 130112, upload-time = "2026-08-14T16:13:03.404Z" },
    { url = "https://files.pythonhosted.org/packages/ee/49/6e6142999ca01509219be5e5a9c338a3e5ea011f63e91ff473fbbf3734ed/orjson-3.12.0-cp314-cp314-manylinux_2_17_aarch64.manylinux2014_aarch64.whl", hash = "sha256:f06dd838d1e07d9b1de0932ec0485ec92c4d5f5d1ad4817a656268c3e88be1e1", size = 130520, upload-time = "2026-08-14T16:13:04.798Z" },
    { url = "https://files.pythonhosted.org/packages/49/d0/3745af0a4cc9867784f29722929cec4d10bd1c877cd754b01ba6d96eb21a/orjson-3.12.0-cp314-cp314-manylinux_2_17_x86_64.manylinux2014_x86_64.whl", hash = "sha256:c6b11be792c3d2c6a4be2af4ebf97a68d0bf5f580aca6e86a418a354f6cc846a", size = 131053, upload-time = "2026-08-14T16:13:06.14Z" },
    { url = "https://files.pythonhosted.org/packages/c3/f4/6fe5a22fa478fffb190e65c338c84df5c311ef597b363150a17cc57063c0/orjson-3.12.0-cp314-cp314-musllinux_1_2_aarch64.whl", hash = "sha256:477ecaf6b9f88f873341b91fcc736119ca81b5e002a9f7f308ff5b4f2ce2a70e", size = 135321, upload-time = "2026-08-14T16:13:07.544Z" },
    { url = "https://files.pythonhosted.org/packages/ff/41/b1b0ec30289646a81a76e2dbaae2686b96fcccb7cb0323dc1dd78cbc7875/orjson-3.12.0-cp314-cp314-musllinux_1_2_x86_64.whl", hash = "sha256:f3c0683136acdc29afdf88a5bc2f7d3d0e34087788d1d63c0144b805a87a196f", size = 127485, upload-time = "2026-08-14T16:13:08.88Z" },
    { url = "https://files.pythonhosted.org/packages/bf/2b/277404bdcc21c93b112b963655b76443ebfe828f8a3ff1de7d90f8850eb3/orjson-3.12.0-cp314-cp314-win32.whl", hash = "sha256:d39f3f5c3927e2dc0913fe5bbc1a2f6b1b9d1bba1de6358340d0ad0d0c00ca92", size = 128048, upload-time = "2026-08-14T16:13:10.305Z" },
    { url = "https://files.pythonhosted.org/packages/41/2b/395b36fa2b4ce7af70b651d715e88f80d884b2c2b14a6b53e84d554fb5f0/orjson-3.12.0-cp314-cp314-win_amd64.whl", hash = "sha256:0b1ac5bf6609b2716c7954011c5fef6254922df029f45d032ee4ebf5d363cbed", size = 121858, upload-time = "2026-08-14T16:13:11.634Z" },
    { url = "https://files.pythonhosted.org/packages/ea/a3/833e895ff452859eebe75093d26691fe9108f1a7a6a08435d7a5780ea652/orjson-3.12.0-cp314-cp314-win_arm64.whl", hash = "sha256:50fae885cb073eac7556353ff3df93312b0d5137b0a5056b2bb63f97ed9a93c7", size = 126749, upload-time = "2026-08-14T16:13:13.117Z" },
    { url = "https://files.pythonhosted.org/packages/58/64/99c8947ece10c17176af9aae85c4948f1d109da77440ec14d87239efaf73/orjson-3.12.0-cp315-cp315-macosx_10_15_x86_64.macosx_11_0_arm64.macosx_10_15_universal2.whl", hash = "sha256:01efac2074fffb4cb1ea3fab7861e9d0f2a26913854a972f5ac760525dbdaf6e", size = 223398, upload-time = "2026-08-14T16:13:14.694Z" },
    { url = "https://files.pythonhosted.org/packages/3e/30/cf983fe09f2731420fda097a9f7ef4343f47fa216c228961ad8f6da44f3d/orjson-3.12.0-cp315-cp315-macosx_15_0_arm64.whl", hash = "sha256:ed4ca42bd55955aa34deedcfdfd0e0c31abf51143aae158ae2bc3520b626e517", size = 123655, upload-time = "2026-08-14T16:13:16.221Z" },
    { url = "https://files.pythonhosted.org/packages/11/50/9cb8ae73fa4749dbbc20f617004213b5ff01c20aaeec34c3f31124f2c1d8/orjson-3.12.0-cp315-cp315-manylinux_2_39_aarch64.whl", hash = "sha256:40f92192227505acca4e2533ce565f8e6b9535f7d0d09b0968452f18b7376b38", size = 130515, upload-time = "2026-08-14T16:13:17.601Z" },
    { url = "https://files.pythonhosted.org/packages/9f/0a/adb6ce1a5b5fbf9cb1790f9961bb668a0dd5429aadaf6cee044724681795/orjson-3.12.0-cp315-cp315-manylinux_2_39_armv7l.whl", hash = "sha256:33efefcf5d88eaf400b47e2eba02f91f319bb9951be61ca500b7d536d3f2079d", size = 113327, upload-time = "2026-08-14T16:13:18.927Z" },
    { url = "https://files.pythonhosted.org/packages/51/5c/d17f61581d8dbdde7048f87a330fa24915edec38db4d72b381fec14fbb56/orjson-3.12.0-cp315-cp315-manylinux_2_39_i686.whl", hash = "sha256:8e386b0bc0ddd7cd2056f884b5a0af33592bd01ac66a7ca4b42a65a7e7774a13", size = 130105, upload-time = "2026-08-14T16:13:20.317Z" },
    { url = "https://files.pythonhosted.org/packages/9f/b7/938befcf33bee4704a92ecec6a2731224c539d939bf9429fd39396d28931/orjson-3.12.0-cp315-cp315-manylinux_2_39_x86_64.whl", hash = "sha256:58c58e1de0006ffb580368d6793c36c7b0b021db066479cf281bf5061e732328", size = 131049, upload-time = "2026-08-14T16:13:21.719Z" },
    { url = "https://files.pythonhosted.org/packages/b0/15/cfa2021d64d5aa8bb5c9f604ef375e00ec8b657651b5dd650b1b7ad13df1/orjson-3.12.0-cp315-cp315-musllinux_1_2_aarch64.whl", hash = "sha256:08231552159be266a7269555bd9f7c016aee7d9ad6dab06eb58796c5ccb7101c", size = 135320, upload-time = "2026-08-14T16:13:23.415Z" },
    { url = "https://files.pythonhosted.org/packages/1a/50/3e75dfe357c1e8f9e287c7a5740260ef15bd23a5299eae8d0835dcad5375/orjson-3.12.0-cp315-cp315-musllinux_1_2_x86_64.whl", hash = "sha256:a15f9a891bce5f5cc5d210e3ad8614d4d1b489a56448c099d6d2a7168b2d954a", size = 127488, upload-time = "2026-08-14T16:13:24.791Z" },
    { url = "https://files.pythonhosted.org/packages/11/a6/79aed402eb3ab284dc5b4791a7ad62c5875127de01b8e3f04bd92d551298/orjson-3.12.0-cp315-cp315-win32.whl", hash = "sha256:03091c8a64db4be38746597ceea68f33c238e27acd9bfe99fb59420224ae7a55", size = 128048, upload-time = "2026-08-14T16:13:26.217Z" },
    { url = "https://files.pythonhosted.org/packages/64/f7/2723e264aab7248c1ed6ecaad8e5d0cb866c0cffde75442102ffa7491aba/orjson-3.12.0-cp315-cp315-win_amd64.whl", hash = "sha256:2b7bcefb9f40fa242fa6b06377232c048e655747790829609168c01162f60578", size = 121860, upload-time = "2026-08-14T16:13:27.577Z" },
    { url = "https://files.pythonhosted.org/packages/82/56/630c9113ec8996778f1f0304b364b091b9a9db5fef5fdc17cca622f5ea24/orjson-3.12.0-cp315-cp315-win_arm64.whl", hash = "sha256:859fc4196855890150bb08e649b30d2c93b249b3e3edd0d3bb2231abf8aa8adc", size = 126754, upload-time = "2026-08-14T16:13:28.962Z" },
]

[[package]]
name = "packaging"
version = "26.3"
source = { registry = "https://pypi.org/simple" }
sdist = { url = "https://files.pythonhosted.org/packages/7d/fa/3944b40b07da9ce895c0e6303a5ab7d53da063554f534556b134a54d6093/packaging-26.3.tar.gz", hash = "sha256:94edc256424af38762eb31306eed28beb9f0efc50a8837492c9d6fd6004aed79", size = 313412, upload-time = "2026-08-04T18:15:28.737Z" }
wheels = [
    { url = "https://files.pythonhosted.org/packages/63/34/ba1c580383c9eada3711951fef0795c80b829a078d72188184bcab9dd527/packaging-26.3-py3-none-any.whl", hash = "sha256:d7193f7c8e4e93f444fde0262bf90af30e16fa0ad0ad44cb553c87339b23cd1c", size = 129956, upload-time = "2026-08-04T18:15:27.159Z" },
]

[[package]]
name = "platformdirs"
version = "4.11.3"
source = { registry = "https://pypi.org/simple" }
sdist = { url = "https://files.pythonhosted.org/packages/b8/d7/e7bfbc86e9f99ff7807e24de7703f032e9c9ba80bb355cf26e0e9bc5a75e/platformdirs-4.11.3.tar.gz", hash = "sha256:66a73d38a849810252df809a3d8bcbda8e26f6c189920e7535ad608a48dbb5ab", size = 33050, upload-time = "2026-08-13T22:43:27.52Z" }
wheels = [
    { url = "https://files.pythonhosted.org/packages/19/a9/c34aebedd3a4c9afe5101b1b8713710b3fec18087c8a36c35d2f909861bd/platformdirs-4.11.3-py3-none-any.whl", hash = "sha256:5ed065d443751de711da036041a7a214122efc4a4de393b3f4137ba5576540e7", size = 23491, upload-time = "2026-08-13T22:43:26.121Z" },
]

[[package]]
name = "plotly"
version = "6.9.0"
source = { registry = "https://pypi.org/simple" }
dependencies = [
    { name = "narwhals" },
    { name = "packaging" },
]
sdist = { url = "https://files.pythonhosted.org/packages/96/07/795c79dbce40c39bece88e69d049babbd23ffa95b5d117f248db8ea03abb/plotly-6.9.0.tar.gz", hash = "sha256:967ad33e8c704fed051800d11d985eb206a9c795c14206b30a6f463ed9c67d0d", size = 6919903, upload-time = "2026-07-09T14:55:59.982Z" }
wheels = [
    { url = "https://files.pythonhosted.org/packages/24/18/d8544811ab076f876c4892b3714f5b0dad335e1dc33aef826df431b8325d/plotly-6.9.0-py3-none-any.whl", hash = "sha256:36bebe2f1bb13884774fe61689c329071446f6ce4a8927fb1f0d6fb24f581236", size = 9909646, upload-time = "2026-07-09T14:55:55.421Z" },
]

[[package]]
name = "simplejson"
version = "4.1.1"
source = { registry = "https://pypi.org/simple" }
sdist = { url = "https://files.pythonhosted.org/packages/0e/2a/54837395a3487c725669428d513293612a48d82b95a0642c936932e5d898/simplejson-4.1.1.tar.gz", hash = "sha256:c08eb9f7a90f77ae470e19a07472e9a79ebc0d1c2315d86a72767665bd5ba79f", size = 118860, upload-time = "2026-04-24T19:24:59.819Z" }
wheels = [
    { url = "https://files.pythonhosted.org/packages/1e/25/39013ffe279d90093ec1c848565b3683c586906c10fa55d9000ec29d046b/simplejson-4.1.1-cp311-cp311-macosx_10_9_universal2.whl", hash = "sha256:2867c64d92abd1992c15666fae198203093f593e43d6b81adf176bae530d493a", size = 111538, upload-time = "2026-04-24T19:22:49.051Z" },
    { url = "https://files.pythonhosted.org/packages/f2/ae/2c272971c8a87e2539c54a98eb6ff037bee1e2e93943c3986cf7500a4f3a/simplejson-4.1.1-cp311-cp311-macosx_10_9_x86_64.whl", hash = "sha256:4c47c46e16c8ea9e4850061e6ed5aa2b9cd2074cb2274bfd9c138cba15ce7453", size = 90594, upload-time = "2026-04-24T19:22:50.408Z" },
    { url = "https://files.pythonhosted.org/packages/4e/a2/6eebfb99dedc139f549200f61ade6d1890ac5707c5d427bdfa6fe39c9313/simplejson-4.1.1-cp311-cp311-macosx_11_0_arm64.whl", hash = "sha256:e294e33dbf316a9bbdd4030d46503c9b0f19470ae7ad6af5bae6c426bc2e869f", size = 90718, upload-time = "2026-04-24T19:22:51.694Z" },
    { url = "https://files.pythonhosted.org/packages/80/7e/c9e6c0c4ad8415e64dad0c47f619b556b02680a41631b4dbc281d55dc54d/simplejson-4.1.1-cp311-cp311-manylinux1_x86_64.manylinux_2_28_x86_64.manylinux_2_5_x86_64.whl", hash = "sha256:7ce252b28fddbdd83db5bd7d93dad2a8a591d7ada098afec9c1b23d6b722a7a4", size = 180901, upload-time = "2026-04-24T19:22:53.025Z" },
    { url = "https://files.pythonhosted.org/packages/34/09/69e331e3994b1ed9be6ce9ace4ade704e7ed503edf869929ca7bb404eda8/simplejson-4.1.1-cp311-cp311-manylinux2014_aarch64.manylinux_2_17_aarch64.manylinux_2_28_aarch64.whl", hash = "sha256:4c44ef6b02a4eb67ed17a72342341792149b3ff46f15426c26e970e49addf327", size = 178133, upload-time = "2026-04-24T19:22:54.574Z" },
    { url = "https://files.pythonhosted.org/packages/5d/40/ed806f24afef295c1032448f5ff6f6f2979392d5645ddb9f4fed7f38194d/simplejson-4.1.1-cp311-cp311-manylinux2014_ppc64le.manylinux_2_17_ppc64le.manylinux_2_28_ppc64le.whl", hash = "sha256:82bfca2b85a34178c25829c703f0a9e9f113a5af7539285bd3efb583a0bf1ba3", size = 188155, upload-time = "2026-04-24T19:22:56.044Z" },
    { url = "https://files.pythonhosted.org/packages/38/94/8d6f515b827b0f7881a49c8c1ac6920b7ae9428939ef04238c973278b42a/simplejson-4.1.1-cp311-cp311-musllinux_1_2_aarch64.whl", hash = "sha256:0e4b23f71dd781f8830f1663dc01a4944d3dbf87a1f93d78fba1cf64722d0ccf", size = 176225, upload-time = "2026-04-24T19:22:57.981Z" },
    { url = "https://files.pythonhosted.org/packages/c9/fd/6dffb4956563d48bbe46b91ff341adae34920e94008fd6b8d728072abfc7/simplejson-4.1.1-cp311-cp311-musllinux_1_2_ppc64le.whl", hash = "sha256:82fee635d7b73ad801030b05a75fbd34a098da0c2ecf600667a03636d09e1e42", size = 185535, upload-time = "2026-04-24T19:22:59.618Z" },
    { url = "https://files.pythonhosted.org/packages/de/d2/a509ee37763e79aec75d68f8521db1440306edeba3b8b4064ab4ee8bf1d9/simplejson-4.1.1-cp311-cp311-musllinux_1_2_x86_64.whl", hash = "sha256:68e62eda21192c5ea9bb92d571ca46a4477fef48762f50d433de2b4253051551", size = 179302, upload-time = "2026-04-24T19:23:01.324Z" },
    { url = "https://files.pythonhosted.org/packages/d8/23/5b343bfd2a79d3b6818e4db3586c405a001a090d4c89d336e31273ce7177/simplejson-4.1.1-cp311-cp311-win32.whl", hash = "sha256:ffd3d82294b47f5ec64050021ace95fd62628a0c1cc8bbf4d06d2d1fb697e055", size = 88408, upload-time = "2026-04-24T19:23:02.808Z" },
    { url = "https://files.pythonhosted.org/packages/38/04/df9b37aedbd524dca20840d25ebe01d6ae486b89792aeff5d15b9c4114f7/simplejson-4.1.1-cp311-cp311-win_amd64.whl", hash = "sha256:78a3fe0995be42bed62a26aa78e0e0b4d87c6545785346b9cc898f3389569a35", size = 90526, upload-time = "2026-04-24T19:23:04.408Z" },
    { url = "https://files.pythonhosted.org/packages/60/25/e90998fe8e480eb43b966c09e835379887d427567ebd496563d3b1e16b19/simplejson-4.1.1-cp312-cp312-macosx_10_13_universal2.whl", hash = "sha256:19040a17154dc03d289bab68d73ce0a6a0be01de30c584bbdd93490bead14b22", size = 112414, upload-time = "2026-04-24T19:23:06.084Z" },
    { url = "https://files.pythonhosted.org/packages/9c/a0/abd4785f36c3400f1fbb21f517be39295a750a714f04b7ee175adf6ef580/simplejson-4.1.1-cp312-cp312-macosx_10_13_x86_64.whl", hash = "sha256:a94ebaecdbaa80d9551a3ec6bf0c9302fc8b53ab6c1b2bfd498a1df4cb28158d", size = 91120, upload-time = "2026-04-24T19:23:07.877Z" },
    { url = "https://files.pythonhosted.org/packages/b8/78/fc060d2e3b13c6ec59288574b8efac64075e316b2afba4396a56b2422f78/simplejson-4.1.1-cp312-cp312-macosx_11_0_arm64.whl", hash = "sha256:67341c95c0a168ab4a6d1e807e50463f1c8da932c3286d81e201266c427061fa", size = 91055, upload-time = "2026-04-24T19:23:09.264Z" },
    { url = "https://files.pythonhosted.org/packages/0c/b6/156a8de1e1b47694f0e7de6675866936608d45dc68388fd017d36f8693be/simplejson-4.1.1-cp312-cp312-manylinux1_x86_64.manylinux_2_28_x86_64.manylinux_2_5_x86_64.whl", hash = "sha256:45ec18e337fec538b7e902d489505c450b2454653d1290f3f50385e6fd8aa607", size = 190297, upload-time = "2026-04-24T19:23:11.226Z" },
    { url = "https://files.pythonhosted.org/packages/86/1c/e4d0eab695be3eb21d0f46bce820752031f03e7113f9c80a9b3c73ee7157/simplejson-4.1.1-cp312-cp312-manylinux2014_aarch64.manylinux_2_17_aarch64.manylinux_2_28_aarch64.whl", hash = "sha256:820c69a4710400e9b248d5670647d60be58824369282d3925e516b3ff1a7cd82", size = 187002, upload-time = "2026-04-24T19:23:12.982Z" },
    { url = "https://files.pythonhosted.org/packages/76/0e/7f5a59d29426b062d5928fb88b403c3f797129d53be7102f955dbe51aa44/simplejson-4.1.1-cp312-cp312-manylinux2014_ppc64le.manylinux_2_17_ppc64le.manylinux_2_28_ppc64le.whl", hash = "sha256:2e708d373a10e4378ef2d59f8361850c7150fd907ed49efe49bc5492160476d1", size = 195146, upload-time = "2026-04-24T19:23:14.517Z" },
    { url = "https://files.pythonhosted.org/packages/78/18/9943db224dd4d5fa3c090c3e56a94c37b254338c83995ec5680285111c40/simplejson-4.1.1-cp312-cp312-musllinux_1_2_aarch64.whl", hash = "sha256:980fc33353f81fd12d8c49d44f8c2760d1dc8192285e627c5180d141035b228a", size = 183931, upload-time = "2026-04-24T19:23:16.742Z" },
    { url = "https://files.pythonhosted.org/packages/c2/08/9a690da9a766161c06c627d805362cf159f1abe480969372b2897649b955/simplejson-4.1.1-cp312-cp312-musllinux_1_2_ppc64le.whl", hash = "sha256:de2ed102fff88dacf543699f53ee3a533cc11539a39baa176b7e09dd783069d6", size = 192228, upload-time = "2026-04-24T19:23:18.33Z" },
    { url = "https://files.pythonhosted.org/packages/05/88/bd8aad36b451ffb0e0a3f721d695a88befa6d1ac7d1e02ae788ca7ff4029/simplejson-4.1.1-cp312-cp312-musllinux_1_2_x86_64.whl", hash = "sha256:2785ff8edc0e28bf773a32543a6bbed46351453c997b3f6709c744e3c2f7eabb", size = 187808, upload-time = "2026-04-24T19:23:21.165Z" },
    { url = "https://files.pythonhosted.org/packages/04/ee/14f91db0d1f481533b651dafbf8cd0da088d9817f7af30c68f7f19f9c847/simplejson-4.1.1-cp312-cp312-win32.whl", hash = "sha256:2e0d5ead6d14610467ec356ec1f6b5d8a56aa216abaad8d41c8b873b16cf313f", size = 88512, upload-time = "2026-04-24T19:23:22.764Z" },
    { url = "https://files.pythonhosted.org/packages/b9/c4/90de06b2d8737c68c05ff9274113f854dbf6a5f28b7a955212111672cb57/simplejson-4.1.1-cp312-cp312-win_amd64.whl", hash = "sha256:63a5451f557d6be48a231bae932458655c620902b868170b2f1c8afed496f6b4", size = 90748, upload-time = "2026-04-24T19:23:24.494Z" },
    { url = "https://files.pythonhosted.org/packages/37/a9/47b445eeb559c9593453a0648e0fd6d08e8adff64dd5e5ced66726da8a09/simplejson-4.1.1-cp313-cp313-macosx_10_13_universal2.whl", hash = "sha256:dff52fc7af272e84fc21cc5a06c927c823ca6ae00af14f3b0d7707b42775ed98", size = 113160, upload-time = "2026-04-24T19:23:26.033Z" },
    { url = "https://files.pythonhosted.org/packages/4c/65/cb72db31523c164dea5dc55b02dad065a40c478856bc7534b279d2b51906/simplejson-4.1.1-cp313-cp313-macosx_10_13_x86_64.whl", hash = "sha256:971aed0647ad6e840a3943bec812fcda5f2d26a5497a4981d1fb49aa4f9a396c", size = 91521, upload-time = "2026-04-24T19:23:27.572Z" },
    { url = "https://files.pythonhosted.org/packages/9a/e5/54cb7c50ad5fdc1e0a86b7df4b135c2cbd5c4623605aa94466659098e8da/simplejson-4.1.1-cp313-cp313-macosx_11_0_arm64.whl", hash = "sha256:249e2e220aa6d9b9d936bde84eb7bf79d5b6c5a8273c6e411f8b1635a9073f2d", size = 91407, upload-time = "2026-04-24T19:23:28.991Z" },
    { url = "https://files.pythonhosted.org/packages/38/2e/21a3ede87f0bf82d6c7bcb90480d50a6490eb974c6ab20881188e440957c/simplejson-4.1.1-cp313-cp313-manylinux1_x86_64.manylinux_2_28_x86_64.manylinux_2_5_x86_64.whl", hash = "sha256:8e5cdd6a5d52299f345c15ab5678cc4249e24f383f361d986afbc3c7072a6b6b", size = 192451, upload-time = "2026-04-24T19:23:30.56Z" },
    { url = "https://files.pythonhosted.org/packages/59/df/9903edd3102bf0b5984edfcb90c88612330996efa3b4fbf8a971d6e17839/simplejson-4.1.1-cp313-cp313-manylinux2014_aarch64.manylinux_2_17_aarch64.manylinux_2_28_aarch64.whl", hash = "sha256:642cec364e0676e2d5a73fa4d31d0c7c55886997caa2fde24e8292ca44d32728", size = 189015, upload-time = "2026-04-24T19:23:32.647Z" },
    { url = "https://files.pythonhosted.org/packages/98/cd/33230927a780e1398b857e3944abb914556994d252b1d765ae40d112cb25/simplejson-4.1.1-cp313-cp313-manylinux2014_ppc64le.manylinux_2_17_ppc64le.manylinux_2_28_ppc64le.whl", hash = "sha256:76fe296ca1df23d290033f10aaacf534fd1b3e3007e7f9ff8aa68b21413aaa78", size = 196658, upload-time = "2026-04-24T19:23:34.563Z" },
    { url = "https://files.pythonhosted.org/packages/cd/84/2c5a7444eb53e9a86d3738299bffddd9f53aeed799ded2f45368221fdb19/simplejson-4.1.1-cp313-cp313-musllinux_1_2_aarch64.whl", hash = "sha256:8f0ad25b7dc4e0fb23858355819f2e994f1a5badcdcde8737eac7921c2f1ed2a", size = 185967, upload-time = "2026-04-24T19:23:36.191Z" },
    { url = "https://files.pythonhosted.org/packages/d3/68/454378e06d059cd412a7ed5d87fb6d29fd5b60f13a4d89fc1f764ff434df/simplejson-4.1.1-cp313-cp313-musllinux_1_2_ppc64le.whl", hash = "sha256:a59ebd0533f03fd06ff0c42ba0f02d93cbcdd7944922bf3b93911327a95b901f", size = 193940, upload-time = "2026-04-24T19:23:38.151Z" },
    { url = "https://files.pythonhosted.org/packages/d5/d5/a15bf915f623a2c5a079d6e3be8256fdb8ef06f110669493a09b9d6933e0/simplejson-4.1.1-cp313-cp313-musllinux_1_2_x86_64.whl", hash = "sha256:bccbf4419676b517939852e5aeff2af6aee4dc046881c67a1581fa6f1cb01abd", size = 189795, upload-time = "2026-04-24T19:23:40.139Z" },
    { url = "https://files.pythonhosted.org/packages/d2/c9/37212ae7dc4b607f0978c408e8633f05c810884e054c33113184c6c2c8a2/simplejson-4.1.1-cp313-cp313-win32.whl", hash = "sha256:6c845363eb5fd166fb7c72243da38f4fcfde666ede7fdf2cc6fd7762894626f7", size = 88773, upload-time = "2026-04-24T19:23:41.754Z" },
    { url = "https://files.pythonhosted.org/packages/fe/a5/c7a0a47883a9015b54c9d8a4b62f2aba17bd4335b1787b9b8a0fc2fa6d52/simplejson-4.1.1-cp313-cp313-win_amd64.whl", hash = "sha256:104d8324c34f25b4b90800bc5fa363780cbc3d8496aef061cba7ce1af9162270", size = 90888, upload-time = "2026-04-24T19:23:43.11Z" },
    { url = "https://files.pythonhosted.org/packages/d3/18/4a118a6a92eb33bb08c8e2fe7ec85cb96f0673491bb2b829930831ee4fbe/simplejson-4.1.1-cp314-cp314-macosx_10_15_universal2.whl", hash = "sha256:ed7473602b6625de793b6acba49aa949f144a475f538792067e4cf2fda2071f5", size = 110492, upload-time = "2026-04-24T19:23:44.957Z" },
    { url = "https://files.pythonhosted.org/packages/07/f4/84d160e9fa8cada1e0a9381cae4fa81eecd573577a5b34366d8ced59bdf7/simplejson-4.1.1-cp314-cp314-macosx_10_15_x86_64.whl", hash = "sha256:225c9caa324c5b554d009fb9cac22aee7711e71bd96f487938c659af467e828e", size = 90152, upload-time = "2026-04-24T19:23:46.355Z" },
    { url = "https://files.pythonhosted.org/packages/68/31/9a5432c433a7671107182cdc9a20ea78a70f99c4e5334aa54b6d4d0d79ed/simplejson-4.1.1-cp314-cp314-macosx_11_0_arm64.whl", hash = "sha256:95407269340c7f22f09776ea7b717a52cf56cfcf119b5e45f66faa4a26445bea", size = 90115, upload-time = "2026-04-24T19:23:47.743Z" },
    { url = "https://files.pythonhosted.org/packages/78/91/3635cdb13318cb0a328abaa69e2b91251caad39d6779aa308098f341f6cb/simplejson-4.1.1-cp314-cp314-manylinux1_x86_64.manylinux_2_28_x86_64.manylinux_2_5_x86_64.whl", hash = "sha256:3851658d642c1184d2023f0e6c9ce44a21eb1629e74e7c84ef956b128841fe12", size = 184036, upload-time = "2026-04-24T19:23:49.472Z" },
    { url = "https://files.pythonhosted.org/packages/fa/ba/149b6ec5393f6849d98c59cadba888b710a8ef4b805ab91e11a566960d40/simplejson-4.1.1-cp314-cp314-manylinux2014_aarch64.manylinux_2_17_aarch64.manylinux_2_28_aarch64.whl", hash = "sha256:95a3bb0f78e85f4937f99092239f2011ce06f0f2d803df5c299cc05abbeae008", size = 180543, upload-time = "2026-04-24T19:23:51.023Z" },
    { url = "https://files.pythonhosted.org/packages/df/7c/a5d968d0b527a748b667e62bea94309ccbcb1e2b108e8f0cf8547efaa12b/simplejson-4.1.1-cp314-cp314-manylinux2014_ppc64le.manylinux_2_17_ppc64le.manylinux_2_28_ppc64le.whl", hash = "sha256:bbfdaa7c0603f75b7b14b211b7f2be44696d4e26833ad2d91d5c87bf5fb9a920", size = 188725, upload-time = "2026-04-24T19:23:52.995Z" },
    { url = "https://files.pythonhosted.org/packages/db/e3/6a8d11181d587ef00e2db9112357e6832111e56dd56b01b5c11758a1965d/simplejson-4.1.1-cp314-cp314-musllinux_1_2_aarch64.whl", hash = "sha256:39e3c584071dced8c21b4689f0254303521daeb9b5bc1f4289755d71fa3cb0d3", size = 177492, upload-time = "2026-04-24T19:23:54.581Z" },
    { url = "https://files.pythonhosted.org/packages/67/e3/8b0eb8b06e8198cfbd1270487da163d0093df05cc4f557350cd65e2f7e79/simplejson-4.1.1-cp314-cp314-musllinux_1_2_ppc64le.whl", hash = "sha256:036a27bd0469b9d79557cbddb392969f876cd7f278cfbd0fba81534927a06575", size = 185281, upload-time = "2026-04-24T19:23:56.13Z" },
    { url = "https://files.pythonhosted.org/packages/dc/5f/64990f07ec9e2cb1a814c674e2e21b5693207f74ac70eb72151b847ea4e6/simplejson-4.1.1-cp314-cp314-musllinux_1_2_x86_64.whl", hash = "sha256:b70bfd2f67f3351baba08aa3ae9233c83f21fd95ae5e6b3d0ecb8c647929112f", size = 181848, upload-time = "2026-04-24T19:23:57.92Z" },
    { url = "https://files.pythonhosted.org/packages/61/a5/bbc1bc0447f339f79f99ab8c37f7f037cb2f1f93af75d6a4d553096bb0c3/simplejson-4.1.1-cp314-cp314-win32.whl", hash = "sha256:37233c72ce88d06acb92747347742b3c07871eba6789f060c179c9302dde8efe", size = 88761, upload-time = "2026-04-24T19:23:59.397Z" },
    { url = "https://files.pythonhosted.org/packages/18/72/ec1b5cbdcb140c132e6c7bdf99bd73e4f675439e77126c88f472fcffa09c/simplejson-4.1.1-cp314-cp314-win_amd64.whl", hash = "sha256:cc0442dea71cd9cbf30a0b8b9929ab5aa6c02c0443a3d977351e6ec5bada4388", size = 91018, upload-time = "2026-04-24T19:24:00.85Z" },
    { url = "https://files.pythonhosted.org/packages/3d/97/4fa437f68ff72219bac3bf3d050de9c6265691f3a170e16954bd69d7cddd/simplejson-4.1.1-cp314-cp314t-macosx_10_15_universal2.whl", hash = "sha256:c996a4d38290c515af347740659ce095b425449c164a5c9fa3977caa6eff5dbe", size = 113919, upload-time = "2026-04-24T19:24:02.287Z" },
    { url = "https://files.pythonhosted.org/packages/c2/83/59de041d09eb4a9577f7015d7263c32095dfb7fde49717dff62145d89809/simplejson-4.1.1-cp314-cp314t-macosx_10_15_x86_64.whl", hash = "sha256:c65c763fb20d7ca113c1c14dce2fc04a0fc3a57aceff533d6fdac707c7bffb40", size = 91904, upload-time = "2026-04-24T19:24:03.812Z" },
    { url = "https://files.pythonhosted.org/packages/03/8e/46bb345d540f6eb31427d984a4e518cdb182d0621814fee4fee045e8815b/simplejson-4.1.1-cp314-cp314t-macosx_11_0_arm64.whl", hash = "sha256:0da5c9f57206ee7ef280ff7f1d924937b0a64f9a271a5ef371a2ecdbebba7421", size = 91752, upload-time = "2026-04-24T19:24:05.622Z" },
    { url = "https://files.pythonhosted.org/packages/83/e2/1b2ce97f068835eb3d253c116a4df7a3f436b7bf2fb5ff1ba29287e8b0ec/simplejson-4.1.1-cp314-cp314t-manylinux1_x86_64.manylinux_2_28_x86_64.manylinux_2_5_x86_64.whl", hash = "sha256:ea3426e786425d10e9e82f8a6eda74a7d6eb10d99165ac3d0d3bbcb65c0ea343", size = 214021, upload-time = "2026-04-24T19:24:07.447Z" },
    { url = "https://files.pythonhosted.org/packages/48/70/d93e556df6a0786298644a7c08304fcbeddc248325f23f38acbebeb21165/simplejson-4.1.1-cp314-cp314t-manylinux2014_aarch64.manylinux_2_17_aarch64.manylinux_2_28_aarch64.whl", hash = "sha256:d75cea7a1025edd7e439b2966b3d977c45b5b899e2adaf422811b3ac702ed9fb", size = 213530, upload-time = "2026-04-24T19:24:09.289Z" },
    { url = "https://files.pythonhosted.org/packages/1b/a5/c93bf305b9f00d7259e09e713d60e75bd0f7f53da970f716ab90491770e7/simplejson-4.1.1-cp314-cp314t-manylinux2014_ppc64le.manylinux_2_17_ppc64le.manylinux_2_28_ppc64le.whl", hash = "sha256:63c2ada8e58f266491f19eed2eeeb7c25c6141e52f8f9e820f6bb94156cf8dbc", size = 218282, upload-time = "2026-04-24T19:24:10.991Z" },
    { url = "https://files.pythonhosted.org/packages/0c/20/a9b5d2e27ec44b069ee251bd55544fc76929a067107b1050001566ba86f3/simplejson-4.1.1-cp314-cp314t-musllinux_1_2_aarch64.whl", hash = "sha256:d1fffb56305c5b475ee746cf9e04f97423ba5aaacd292dc1255bd75b1d3b124b", size = 209249, upload-time = "2026-04-24T19:24:12.662Z" },
    { url = "https://files.pythonhosted.org/packages/97/e4/e06ee682ed5df67592181f5ecb062e35878967e27f5b6e087237d4548d95/simplejson-4.1.1-cp314-cp314t-musllinux_1_2_ppc64le.whl", hash = "sha256:a6525ec733f43d0541206cffa64fd2aad5a7ae3eb76566aff49cd4db6382209a", size = 213963, upload-time = "2026-04-24T19:24:14.302Z" },
    { url = "https://files.pythonhosted.org/packages/9c/9f/1e160e4cd8cdbf062bf6a454cdf814dc7a48eb47e566fdb8f80ccb202605/simplejson-4.1.1-cp314-cp314t-musllinux_1_2_x86_64.whl", hash = "sha256:861e393260508efa64d8805a8e49c416c3484907e3f146ce966c69552b49b9a3", size = 210474, upload-time = "2026-04-24T19:24:15.917Z" },
    { url = "https://files.pythonhosted.org/packages/7a/e6/cecd913df322df5bbe7ebb8ba39e0708e505a165553900da8a7761026d6f/simplejson-4.1.1-cp314-cp314t-win32.whl", hash = "sha256:d083b89d30948a751d3d97476c2ed91e4caaa24a1a1459bdbadb8876242c71fe", size = 91134, upload-time = "2026-04-24T19:24:17.635Z" },
    { url = "https://files.pythonhosted.org/packages/97/73/f540dde99cc1d393bd062ab3b5735b777561a5d8f8a5f2e241164444d77a/simplejson-4.1.1-cp314-cp314t-win_amd64.whl", hash = "sha256:4cbb299d0528ec0447fe366d8c9641860e28f997a62730690fef905f1f41046e", size = 94467, upload-time = "2026-04-24T19:24:19.109Z" },
    { url = "https://files.pythonhosted.org/packages/ce/6a/8b74c52ffd33dbbde00fe7251fee6a0acdc8cea33f7a43805aed258fb79b/simplejson-4.1.1-py3-none-any.whl", hash = "sha256:2ce92b3748f02423e26d2bfb636fb9d7a8f67c8f5854dcae69d350d123b2eee2", size = 69195, upload-time = "2026-04-24T19:24:57.962Z" },
]
